
Microsoft Visual Studio Solution File, Format Version 12.00
# Visual Studio Version 16
VisualStudioVersion = 16.0.32929.386
MinimumVisualStudioVersion = 10.0.40219.1
Project("{FAE04EC0-301F-11D3-BF4B-00C04F79EFBC}") = "WpfApp2", "WpfApp2\WpfApp2.csproj", "{91EA32DF-B570-41F0-B2DC-9EB133294083}"
EndProject
Global
	GlobalSection(SolutionConfigurationPlatforms) = preSolution
		Debug|Any CPU = Debug|Any CPU
		Release|Any CPU = Release|Any CPU
	EndGlobalSection
	GlobalSection(ProjectConfigurationPlatforms) = postSolution
		{91EA32DF-B570-41F0-B2DC-9EB133294083}.Debug|Any CPU.ActiveCfg = Debug|Any CPU
		{91EA32DF-B570-41F0-B2DC-9EB133294083}.Debug|Any CPU.Build.0 = Debug|Any CPU
		{91EA32DF-B570-41F0-B2DC-9EB133294083}.Release|Any CPU.ActiveCfg = Release|Any CPU
		{91EA32DF-B570-41F0-B2DC-9EB133294083}.Release|Any CPU.Build.0 = Release|Any CPU
	EndGlobalSection
	GlobalSection(SolutionProperties) = preSolution
		HideSolutionNode = FALSE
	EndGlobalSection
	GlobalSection(ExtensibilityGlobals) = postSolution
		SolutionGuid = {6E37FECC-1B17-4E08-AE4C-4C521EAA6845}
	EndGlobalSection
EndGlobal
